
Microsoft Visual Studio Solution File, Format Version 12.00
# Visual Studio Version 17
VisualStudioVersion = 17.14.36804.6
MinimumVisualStudioVersion = 10.0.40219.1
Project("{FAE04EC0-301F-11D3-BF4B-00C04F79EFBC}") = "TestsUI", "TestProject\TestsUI.csproj", "{166A2D4D-F633-49A6-933F-079F9DE1C704}"
EndProject
Project("{FAE04EC0-301F-11D3-BF4B-00C04F79EFBC}") = "BusinessLayer", "Main\BusinessLayer.csproj", "{F6D00B04-114A-42BD-91BD-617E95B6BD7F}"
EndProject
Project("{2150E333-8FDC-42A3-9474-1A3956D46DE8}") = "Solution Items", "Solution Items", "{02EA681E-C7D8-13C7-8484-4AC65E1B71E8}"
	ProjectSection(SolutionItems) = preProject
		.editorconfig = .editorconfig
	EndProjectSection
EndProject
Project("{FAE04EC0-301F-11D3-BF4B-00C04F79EFBC}") = "CoreLayer", "Core\CoreLayer.csproj", "{6232F911-A1F3-4642-A95D-30E89A53DC64}"
EndProject
Project("{FAE04EC0-301F-11D3-BF4B-00C04F79EFBC}") = "BusinessActionLayer", "BusinessActionLayer\BusinessActionLayer.csproj", "{9241778E-F3CD-48B5-9CB9-491BAE3026CD}"
EndProject
Project("{FAE04EC0-301F-11D3-BF4B-00C04F79EFBC}") = "TestsAPI", "ApiTests\TestsAPI.csproj", "{6369F550-0A16-4C89-96A6-7E805193169B}"
EndProject
Global
	GlobalSection(SolutionConfigurationPlatforms) = preSolution
		Debug|Any CPU = Debug|Any CPU
		Release|Any CPU = Release|Any CPU
	EndGlobalSection
	GlobalSection(ProjectConfigurationPlatforms) = postSolution
		{166A2D4D-F633-49A6-933F-079F9DE1C704}.Debug|Any CPU.ActiveCfg = Debug|Any CPU
		{166A2D4D-F633-49A6-933F-079F9DE1C704}.Debug|Any CPU.Build.0 = Debug|Any CPU
		{166A2D4D-F633-49A6-933F-079F9DE1C704}.Release|Any CPU.ActiveCfg = Release|Any CPU
		{166A2D4D-F633-49A6-933F-079F9DE1C704}.Release|Any CPU.Build.0 = Release|Any CPU
		{F6D00B04-114A-42BD-91BD-617E95B6BD7F}.Debug|Any CPU.ActiveCfg = Debug|Any CPU
		{F6D00B04-114A-42BD-91BD-617E95B6BD7F}.Debug|Any CPU.Build.0 = Debug|Any CPU
		{F6D00B04-114A-42BD-91BD-617E95B6BD7F}.Release|Any CPU.ActiveCfg = Release|Any CPU
		{F6D00B04-114A-42BD-91BD-617E95B6BD7F}.Release|Any CPU.Build.0 = Release|Any CPU
		{6232F911-A1F3-4642-A95D-30E89A53DC64}.Debug|Any CPU.ActiveCfg = Debug|Any CPU
		{6232F911-A1F3-4642-A95D-30E89A53DC64}.Debug|Any CPU.Build.0 = Debug|Any CPU
		{6232F911-A1F3-4642-A95D-30E89A53DC64}.Release|Any CPU.ActiveCfg = Release|Any CPU
		{6232F911-A1F3-4642-A95D-30E89A53DC64}.Release|Any CPU.Build.0 = Release|Any CPU
		{9241778E-F3CD-48B5-9CB9-491BAE3026CD}.Debug|Any CPU.ActiveCfg = Debug|Any CPU
		{9241778E-F3CD-48B5-9CB9-491BAE3026CD}.Debug|Any CPU.Build.0 = Debug|Any CPU
		{9241778E-F3CD-48B5-9CB9-491BAE3026CD}.Release|Any CPU.ActiveCfg = Release|Any CPU
		{9241778E-F3CD-48B5-9CB9-491BAE3026CD}.Release|Any CPU.Build.0 = Release|Any CPU
		{6369F550-0A16-4C89-96A6-7E805193169B}.Debug|Any CPU.ActiveCfg = Debug|Any CPU
		{6369F550-0A16-4C89-96A6-7E805193169B}.Debug|Any CPU.Build.0 = Debug|Any CPU
		{6369F550-0A16-4C89-96A6-7E805193169B}.Release|Any CPU.ActiveCfg = Release|Any CPU
		{6369F550-0A16-4C89-96A6-7E805193169B}.Release|Any CPU.Build.0 = Release|Any CPU
	EndGlobalSection
	GlobalSection(SolutionProperties) = preSolution
		HideSolutionNode = FALSE
	EndGlobalSection
	GlobalSection(ExtensibilityGlobals) = postSolution
		SolutionGuid = {26DB2E64-0672-403F-9463-DD46A73361C6}
	EndGlobalSection
EndGlobal
